
Microsoft Visual Studio Solution File, Format Version 12.00
# Visual Studio 15
VisualStudioVersion = 15.0.28307.421
MinimumVisualStudioVersion = 10.0.40219.1
Project("{9A19103F-16F7-4668-BE54-9A1E7A4F7556}") = "SessionFunctions", "SessionFunctions\SessionFunctions.csproj", "{D695BC79-E502-48EB-9DBA-69931516FCAB}"
EndProject
Global
	GlobalSection(SolutionConfigurationPlatforms) = preSolution
		Debug|Any CPU = Debug|Any CPU
		Release|Any CPU = Release|Any CPU
	EndGlobalSection
	GlobalSection(ProjectConfigurationPlatforms) = postSolution
		{D695BC79-E502-48EB-9DBA-69931516FCAB}.Debug|Any CPU.ActiveCfg = Debug|Any CPU
		{D695BC79-E502-48EB-9DBA-69931516FCAB}.Debug|Any CPU.Build.0 = Debug|Any CPU
		{D695BC79-E502-48EB-9DBA-69931516FCAB}.Release|Any CPU.ActiveCfg = Release|Any CPU
		{D695BC79-E502-48EB-9DBA-69931516FCAB}.Release|Any CPU.Build.0 = Release|Any CPU
	EndGlobalSection
	GlobalSection(SolutionProperties) = preSolution
		HideSolutionNode = FALSE
	EndGlobalSection
	GlobalSection(ExtensibilityGlobals) = postSolution
		SolutionGuid = {E0360F0F-170E-44E2-812A-C7D0045D4CE6}
	EndGlobalSection
EndGlobal
